
Microsoft Visual Studio Solution File, Format Version 12.00
# Visual Studio Version 17
VisualStudioVersion = 17.10.34902.84
MinimumVisualStudioVersion = 10.0.40219.1
Project("{2150E333-8FDC-42A3-9474-1A3956D46DE8}") = "services", "services", "{480001D7-7153-4420-B35B-5A12B0BCF06D}"
EndProject
Project("{2150E333-8FDC-42A3-9474-1A3956D46DE8}") = "1. Identity", "1. Identity", "{3994AB01-52A0-434E-BEDF-F75DA5A4034F}"
EndProject
Project("{2150E333-8FDC-42A3-9474-1A3956D46DE8}") = "2. Post", "2. Post", "{776688C6-840B-4D3E-A073-01ECBB621F84}"
EndProject
Project("{2150E333-8FDC-42A3-9474-1A3956D46DE8}") = "packages", "packages", "{94D1F3A1-867F-4DB2-93C1-85FAB28080C8}"
EndProject
Project("{2150E333-8FDC-42A3-9474-1A3956D46DE8}") = "shared", "shared", "{EFD4F465-362A-4C73-A48C-149E52ABF75D}"
	ProjectSection(SolutionItems) = preProject
		src\shared\SharedSettings\global.json = src\shared\SharedSettings\global.json
		src\shared\SharedSettings\sharedSettings.Development.json = src\shared\SharedSettings\sharedSettings.Development.json
		src\shared\SharedSettings\sharedSettings.json = src\shared\SharedSettings\sharedSettings.json
		src\shared\SharedSettings\sharedSettings.Local.json = src\shared\SharedSettings\sharedSettings.Local.json
		src\shared\SharedSettings\sharedSettings.Production.json = src\shared\SharedSettings\sharedSettings.Production.json
	EndProjectSection
EndProject
Project("{2150E333-8FDC-42A3-9474-1A3956D46DE8}") = "Solution Items", "Solution Items", "{02C2EA1B-8774-4AFB-B782-47DBBB8676ED}"
	ProjectSection(SolutionItems) = preProject
		Directory.Packages.props = Directory.Packages.props
		docker-compose.override.yml = docker-compose.override.yml
		docker-compose.yml = docker-compose.yml
		README.md = README.md
	EndProjectSection
EndProject
Project("{2150E333-8FDC-42A3-9474-1A3956D46DE8}") = "tests", "tests", "{5C46DA4C-E63F-4CA2-8039-86AA3B1A83C2}"
EndProject
Project("{2150E333-8FDC-42A3-9474-1A3956D46DE8}") = "src", "src", "{2B37D1A3-898F-4658-8477-584E631A2B07}"
EndProject
Project("{9A19103F-16F7-4668-BE54-9A1E7A4F7556}") = "MyBlog.Shared.Databases", "src\packages\MyBlog.Shared.Databases\MyBlog.Shared.Databases.csproj", "{C8EF8B3C-98F9-49AF-B0FB-AF32F19D59F9}"
EndProject
Project("{9A19103F-16F7-4668-BE54-9A1E7A4F7556}") = "MyBlog.Shared.RepositoryDapper", "src\packages\MyBlog.Shared.RepositoryDapper\MyBlog.Shared.RepositoryDapper.csproj", "{33E2CD16-3183-4944-8E95-725E08051881}"
EndProject
Project("{9A19103F-16F7-4668-BE54-9A1E7A4F7556}") = "MyBlog.Shared.Autofac", "src\packages\MyBlog.Shared.Autofac\MyBlog.Shared.Autofac.csproj", "{B11B1AEC-041A-40C6-8C9A-7A94507FBC19}"
EndProject
Project("{9A19103F-16F7-4668-BE54-9A1E7A4F7556}") = "MyBlog.Shared.Lib", "src\packages\MyBlog.Shared.Lib\MyBlog.Shared.Lib.csproj", "{62F01BFF-E6CA-4C10-88CA-8FD2D1E026F0}"
EndProject
Project("{9A19103F-16F7-4668-BE54-9A1E7A4F7556}") = "MyBlog.Shared.ExceptionHandler", "src\packages\MyBlog.Shared.ExceptionHandler\MyBlog.Shared.ExceptionHandler.csproj", "{A198E1D0-D0FD-4B9E-B32A-9F4CBE2B9A5E}"
EndProject
Project("{9A19103F-16F7-4668-BE54-9A1E7A4F7556}") = "MyBlog.Post.Api", "src\services\Post\MyBlog.Post.Api\MyBlog.Post.Api.csproj", "{74AD0EB9-4CBF-4423-9C28-2F0EE43DB429}"
EndProject
Project("{9A19103F-16F7-4668-BE54-9A1E7A4F7556}") = "MyBlog.Post.Domain", "src\services\Post\MyBlog.Post.Domain\MyBlog.Post.Domain.csproj", "{3515B4E5-9D77-46D8-A859-A41BAA2A2CA7}"
EndProject
Project("{9A19103F-16F7-4668-BE54-9A1E7A4F7556}") = "MyBlog.Post.Repository", "src\services\Post\MyBlog.Post.Repository\MyBlog.Post.Repository.csproj", "{F67BAC8E-A38D-4EF3-9C46-EDA39C09D87B}"
EndProject
Project("{9A19103F-16F7-4668-BE54-9A1E7A4F7556}") = "MyBlog.Post.Service", "src\services\Post\MyBlog.Post.Service\MyBlog.Post.Service.csproj", "{27FEF880-A7AE-4ED3-B962-9A8A86F5E12B}"
EndProject
Project("{2150E333-8FDC-42A3-9474-1A3956D46DE8}") = "3. Comment", "3. Comment", "{4DE51C83-9F55-49BE-AD24-1FE5EEFFA288}"
EndProject
Project("{2150E333-8FDC-42A3-9474-1A3956D46DE8}") = "4. Notification", "4. Notification", "{B7735385-4174-4A9C-82F8-1C56F9CF5BD2}"
EndProject
Project("{2150E333-8FDC-42A3-9474-1A3956D46DE8}") = "BuildingBlocks", "BuildingBlocks", "{EE6C4D88-F526-4E49-9B3B-52FB6E2E34DC}"
EndProject
Project("{2150E333-8FDC-42A3-9474-1A3956D46DE8}") = "ApiGateway", "ApiGateway", "{C106083C-5B7B-4678-877E-801B89E42F59}"
EndProject
Project("{9A19103F-16F7-4668-BE54-9A1E7A4F7556}") = "Contracts", "src\BuildingBlocks\Contracts\Contracts.csproj", "{ECF1FF3E-67F4-40F7-BF43-612D7AD34287}"
EndProject
Project("{9A19103F-16F7-4668-BE54-9A1E7A4F7556}") = "Infrastructures", "src\BuildingBlocks\Infrastructures\Infrastructures.csproj", "{A952F6CF-DFE4-420B-AB45-D5892A0B68A1}"
EndProject
Project("{9A19103F-16F7-4668-BE54-9A1E7A4F7556}") = "Shared", "src\BuildingBlocks\Shared\Shared.csproj", "{63F1B85B-FE8D-44FA-9C0C-88C21587A9B3}"
EndProject
Project("{9A19103F-16F7-4668-BE54-9A1E7A4F7556}") = "FilteringAndSortingExpression", "src\packages\FilteringAndSorting\FilteringAndSortingExpression.csproj", "{DBBFF142-9563-4921-88C6-F86D622615C6}"
EndProject
Project("{9A19103F-16F7-4668-BE54-9A1E7A4F7556}") = "FilteringAndSortingExpression.Swagger", "src\packages\FilteringAndSortingExpression.Swagger\FilteringAndSortingExpression.Swagger.csproj", "{35147065-6B7A-4A16-A19C-4AFB987346D7}"
EndProject
Project("{9A19103F-16F7-4668-BE54-9A1E7A4F7556}") = "Persistence", "src\BuildingBlocks\Persistence\Persistence.csproj", "{8109776B-F243-49F8-A5A9-AA376493D2AA}"
EndProject
Project("{9A19103F-16F7-4668-BE54-9A1E7A4F7556}") = "MyBlog.Shared.Serilog", "src\packages\MyBlog.Shared.Serilog\MyBlog.Shared.Serilog.csproj", "{B0C36FF5-61D9-4F7E-AECE-FDDE612FCA09}"
EndProject
Project("{9A19103F-16F7-4668-BE54-9A1E7A4F7556}") = "MyBlog.Identity.Api", "src\services\Identity\MyBlog.Idenity.Api\MyBlog.Identity.Api.csproj", "{7839CE77-CE63-48AC-A90B-E28E377169FC}"
EndProject
Project("{9A19103F-16F7-4668-BE54-9A1E7A4F7556}") = "MyBlog.Identity.Domain", "src\services\Identity\MyBlog.Identity.Domain\MyBlog.Identity.Domain.csproj", "{59BF2397-8961-4711-932F-E0ABC264326D}"
EndProject
Project("{9A19103F-16F7-4668-BE54-9A1E7A4F7556}") = "MyBlog.Identity.Repository", "src\services\Identity\MyBlog.Identity.Repository\MyBlog.Identity.Repository.csproj", "{4B58DC70-F011-4B16-B2EF-19B2C233AD29}"
EndProject
Project("{D954291E-2A0B-460D-934E-DC6B0785DB48}") = "SharedSettings", "src\shared\SharedSettings\SharedSettings.shproj", "{C6995D1D-B1D1-4762-B031-5003E5C2C1D4}"
EndProject
Project("{9A19103F-16F7-4668-BE54-9A1E7A4F7556}") = "MyBlog.Identity.Service", "src\services\Identity\MyBlog.Identity.Service\MyBlog.Identity.Service.csproj", "{B1D981A5-7DA6-4EB8-AC3F-F38ACF02F112}"
EndProject
Project("{9A19103F-16F7-4668-BE54-9A1E7A4F7556}") = "Authorization", "src\BuildingBlocks\Authorization\Authorization.csproj", "{3E4BFCE8-598E-4269-9BF5-F20F144222B6}"
EndProject
Project("{FAE04EC0-301F-11D3-BF4B-00C04F79EFBC}") = "ApiGateway", "src\ApiGateway\ApiGateway\ApiGateway.csproj", "{ACC79C87-16FD-478D-B04A-5125AB571F13}"
EndProject
Project("{FAE04EC0-301F-11D3-BF4B-00C04F79EFBC}") = "MyBlog.FluentValidation", "src\packages\LonG.CSVLib\MyBlog.FluentValidation\MyBlog.FluentValidation.csproj", "{F3A4404E-8839-4210-B988-ED6C7D0809B5}"
EndProject
Project("{FAE04EC0-301F-11D3-BF4B-00C04F79EFBC}") = "MyBlog.MediatR", "src\packages\MyBlog.MediatR\MyBlog.MediatR.csproj", "{40CEEC6F-D7D3-4E2B-AD87-ADC94DDB555E}"
EndProject
Global
	GlobalSection(SolutionConfigurationPlatforms) = preSolution
		Debug|Any CPU = Debug|Any CPU
		Release|Any CPU = Release|Any CPU
	EndGlobalSection
	GlobalSection(ProjectConfigurationPlatforms) = postSolution
		{C8EF8B3C-98F9-49AF-B0FB-AF32F19D59F9}.Debug|Any CPU.ActiveCfg = Debug|Any CPU
		{C8EF8B3C-98F9-49AF-B0FB-AF32F19D59F9}.Debug|Any CPU.Build.0 = Debug|Any CPU
		{C8EF8B3C-98F9-49AF-B0FB-AF32F19D59F9}.Release|Any CPU.ActiveCfg = Release|Any CPU
		{C8EF8B3C-98F9-49AF-B0FB-AF32F19D59F9}.Release|Any CPU.Build.0 = Release|Any CPU
		{33E2CD16-3183-4944-8E95-725E08051881}.Debug|Any CPU.ActiveCfg = Debug|Any CPU
		{33E2CD16-3183-4944-8E95-725E08051881}.Debug|Any CPU.Build.0 = Debug|Any CPU
		{33E2CD16-3183-4944-8E95-725E08051881}.Release|Any CPU.ActiveCfg = Release|Any CPU
		{33E2CD16-3183-4944-8E95-725E08051881}.Release|Any CPU.Build.0 = Release|Any CPU
		{B11B1AEC-041A-40C6-8C9A-7A94507FBC19}.Debug|Any CPU.ActiveCfg = Debug|Any CPU
		{B11B1AEC-041A-40C6-8C9A-7A94507FBC19}.Debug|Any CPU.Build.0 = Debug|Any CPU
		{B11B1AEC-041A-40C6-8C9A-7A94507FBC19}.Release|Any CPU.ActiveCfg = Release|Any CPU
		{B11B1AEC-041A-40C6-8C9A-7A94507FBC19}.Release|Any CPU.Build.0 = Release|Any CPU
		{62F01BFF-E6CA-4C10-88CA-8FD2D1E026F0}.Debug|Any CPU.ActiveCfg = Debug|Any CPU
		{62F01BFF-E6CA-4C10-88CA-8FD2D1E026F0}.Debug|Any CPU.Build.0 = Debug|Any CPU
		{62F01BFF-E6CA-4C10-88CA-8FD2D1E026F0}.Release|Any CPU.ActiveCfg = Release|Any CPU
		{62F01BFF-E6CA-4C10-88CA-8FD2D1E026F0}.Release|Any CPU.Build.0 = Release|Any CPU
		{A198E1D0-D0FD-4B9E-B32A-9F4CBE2B9A5E}.Debug|Any CPU.ActiveCfg = Debug|Any CPU
		{A198E1D0-D0FD-4B9E-B32A-9F4CBE2B9A5E}.Debug|Any CPU.Build.0 = Debug|Any CPU
		{A198E1D0-D0FD-4B9E-B32A-9F4CBE2B9A5E}.Release|Any CPU.ActiveCfg = Release|Any CPU
		{A198E1D0-D0FD-4B9E-B32A-9F4CBE2B9A5E}.Release|Any CPU.Build.0 = Release|Any CPU
		{74AD0EB9-4CBF-4423-9C28-2F0EE43DB429}.Debug|Any CPU.ActiveCfg = Debug|Any CPU
		{74AD0EB9-4CBF-4423-9C28-2F0EE43DB429}.Debug|Any CPU.Build.0 = Debug|Any CPU
		{74AD0EB9-4CBF-4423-9C28-2F0EE43DB429}.Release|Any CPU.ActiveCfg = Release|Any CPU
		{74AD0EB9-4CBF-4423-9C28-2F0EE43DB429}.Release|Any CPU.Build.0 = Release|Any CPU
		{3515B4E5-9D77-46D8-A859-A41BAA2A2CA7}.Debug|Any CPU.ActiveCfg = Debug|Any CPU
		{3515B4E5-9D77-46D8-A859-A41BAA2A2CA7}.Debug|Any CPU.Build.0 = Debug|Any CPU
		{3515B4E5-9D77-46D8-A859-A41BAA2A2CA7}.Release|Any CPU.ActiveCfg = Release|Any CPU
		{3515B4E5-9D77-46D8-A859-A41BAA2A2CA7}.Release|Any CPU.Build.0 = Release|Any CPU
		{F67BAC8E-A38D-4EF3-9C46-EDA39C09D87B}.Debug|Any CPU.ActiveCfg = Debug|Any CPU
		{F67BAC8E-A38D-4EF3-9C46-EDA39C09D87B}.Debug|Any CPU.Build.0 = Debug|Any CPU
		{F67BAC8E-A38D-4EF3-9C46-EDA39C09D87B}.Release|Any CPU.ActiveCfg = Release|Any CPU
		{F67BAC8E-A38D-4EF3-9C46-EDA39C09D87B}.Release|Any CPU.Build.0 = Release|Any CPU
		{27FEF880-A7AE-4ED3-B962-9A8A86F5E12B}.Debug|Any CPU.ActiveCfg = Debug|Any CPU
		{27FEF880-A7AE-4ED3-B962-9A8A86F5E12B}.Debug|Any CPU.Build.0 = Debug|Any CPU
		{27FEF880-A7AE-4ED3-B962-9A8A86F5E12B}.Release|Any CPU.ActiveCfg = Release|Any CPU
		{27FEF880-A7AE-4ED3-B962-9A8A86F5E12B}.Release|Any CPU.Build.0 = Release|Any CPU
		{ECF1FF3E-67F4-40F7-BF43-612D7AD34287}.Debug|Any CPU.ActiveCfg = Debug|Any CPU
		{ECF1FF3E-67F4-40F7-BF43-612D7AD34287}.Debug|Any CPU.Build.0 = Debug|Any CPU
		{ECF1FF3E-67F4-40F7-BF43-612D7AD34287}.Release|Any CPU.ActiveCfg = Release|Any CPU
		{ECF1FF3E-67F4-40F7-BF43-612D7AD34287}.Release|Any CPU.Build.0 = Release|Any CPU
		{A952F6CF-DFE4-420B-AB45-D5892A0B68A1}.Debug|Any CPU.ActiveCfg = Debug|Any CPU
		{A952F6CF-DFE4-420B-AB45-D5892A0B68A1}.Debug|Any CPU.Build.0 = Debug|Any CPU
		{A952F6CF-DFE4-420B-AB45-D5892A0B68A1}.Release|Any CPU.ActiveCfg = Release|Any CPU
		{A952F6CF-DFE4-420B-AB45-D5892A0B68A1}.Release|Any CPU.Build.0 = Release|Any CPU
		{63F1B85B-FE8D-44FA-9C0C-88C21587A9B3}.Debug|Any CPU.ActiveCfg = Debug|Any CPU
		{63F1B85B-FE8D-44FA-9C0C-88C21587A9B3}.Debug|Any CPU.Build.0 = Debug|Any CPU
		{63F1B85B-FE8D-44FA-9C0C-88C21587A9B3}.Release|Any CPU.ActiveCfg = Release|Any CPU
		{63F1B85B-FE8D-44FA-9C0C-88C21587A9B3}.Release|Any CPU.Build.0 = Release|Any CPU
		{DBBFF142-9563-4921-88C6-F86D622615C6}.Debug|Any CPU.ActiveCfg = Debug|Any CPU
		{DBBFF142-9563-4921-88C6-F86D622615C6}.Debug|Any CPU.Build.0 = Debug|Any CPU
		{DBBFF142-9563-4921-88C6-F86D622615C6}.Release|Any CPU.ActiveCfg = Release|Any CPU
		{DBBFF142-9563-4921-88C6-F86D622615C6}.Release|Any CPU.Build.0 = Release|Any CPU
		{35147065-6B7A-4A16-A19C-4AFB987346D7}.Debug|Any CPU.ActiveCfg = Debug|Any CPU
		{35147065-6B7A-4A16-A19C-4AFB987346D7}.Debug|Any CPU.Build.0 = Debug|Any CPU
		{35147065-6B7A-4A16-A19C-4AFB987346D7}.Release|Any CPU.ActiveCfg = Release|Any CPU
		{35147065-6B7A-4A16-A19C-4AFB987346D7}.Release|Any CPU.Build.0 = Release|Any CPU
		{8109776B-F243-49F8-A5A9-AA376493D2AA}.Debug|Any CPU.ActiveCfg = Debug|Any CPU
		{8109776B-F243-49F8-A5A9-AA376493D2AA}.Debug|Any CPU.Build.0 = Debug|Any CPU
		{8109776B-F243-49F8-A5A9-AA376493D2AA}.Release|Any CPU.ActiveCfg = Release|Any CPU
		{8109776B-F243-49F8-A5A9-AA376493D2AA}.Release|Any CPU.Build.0 = Release|Any CPU
		{B0C36FF5-61D9-4F7E-AECE-FDDE612FCA09}.Debug|Any CPU.ActiveCfg = Debug|Any CPU
		{B0C36FF5-61D9-4F7E-AECE-FDDE612FCA09}.Debug|Any CPU.Build.0 = Debug|Any CPU
		{B0C36FF5-61D9-4F7E-AECE-FDDE612FCA09}.Release|Any CPU.ActiveCfg = Release|Any CPU
		{B0C36FF5-61D9-4F7E-AECE-FDDE612FCA09}.Release|Any CPU.Build.0 = Release|Any CPU
		{7839CE77-CE63-48AC-A90B-E28E377169FC}.Debug|Any CPU.ActiveCfg = Debug|Any CPU
		{7839CE77-CE63-48AC-A90B-E28E377169FC}.Debug|Any CPU.Build.0 = Debug|Any CPU
		{7839CE77-CE63-48AC-A90B-E28E377169FC}.Release|Any CPU.ActiveCfg = Release|Any CPU
		{7839CE77-CE63-48AC-A90B-E28E377169FC}.Release|Any CPU.Build.0 = Release|Any CPU
		{59BF2397-8961-4711-932F-E0ABC264326D}.Debug|Any CPU.ActiveCfg = Debug|Any CPU
		{59BF2397-8961-4711-932F-E0ABC264326D}.Debug|Any CPU.Build.0 = Debug|Any CPU
		{59BF2397-8961-4711-932F-E0ABC264326D}.Release|Any CPU.ActiveCfg = Release|Any CPU
		{59BF2397-8961-4711-932F-E0ABC264326D}.Release|Any CPU.Build.0 = Release|Any CPU
		{4B58DC70-F011-4B16-B2EF-19B2C233AD29}.Debug|Any CPU.ActiveCfg = Debug|Any CPU
		{4B58DC70-F011-4B16-B2EF-19B2C233AD29}.Debug|Any CPU.Build.0 = Debug|Any CPU
		{4B58DC70-F011-4B16-B2EF-19B2C233AD29}.Release|Any CPU.ActiveCfg = Release|Any CPU
		{4B58DC70-F011-4B16-B2EF-19B2C233AD29}.Release|Any CPU.Build.0 = Release|Any CPU
		{B1D981A5-7DA6-4EB8-AC3F-F38ACF02F112}.Debug|Any CPU.ActiveCfg = Debug|Any CPU
		{B1D981A5-7DA6-4EB8-AC3F-F38ACF02F112}.Debug|Any CPU.Build.0 = Debug|Any CPU
		{B1D981A5-7DA6-4EB8-AC3F-F38ACF02F112}.Release|Any CPU.ActiveCfg = Release|Any CPU
		{B1D981A5-7DA6-4EB8-AC3F-F38ACF02F112}.Release|Any CPU.Build.0 = Release|Any CPU
		{3E4BFCE8-598E-4269-9BF5-F20F144222B6}.Debug|Any CPU.ActiveCfg = Debug|Any CPU
		{3E4BFCE8-598E-4269-9BF5-F20F144222B6}.Debug|Any CPU.Build.0 = Debug|Any CPU
		{3E4BFCE8-598E-4269-9BF5-F20F144222B6}.Release|Any CPU.ActiveCfg = Release|Any CPU
		{3E4BFCE8-598E-4269-9BF5-F20F144222B6}.Release|Any CPU.Build.0 = Release|Any CPU
		{ACC79C87-16FD-478D-B04A-5125AB571F13}.Debug|Any CPU.ActiveCfg = Debug|Any CPU
		{ACC79C87-16FD-478D-B04A-5125AB571F13}.Debug|Any CPU.Build.0 = Debug|Any CPU
		{ACC79C87-16FD-478D-B04A-5125AB571F13}.Release|Any CPU.ActiveCfg = Release|Any CPU
		{ACC79C87-16FD-478D-B04A-5125AB571F13}.Release|Any CPU.Build.0 = Release|Any CPU
		{F3A4404E-8839-4210-B988-ED6C7D0809B5}.Debug|Any CPU.ActiveCfg = Debug|Any CPU
		{F3A4404E-8839-4210-B988-ED6C7D0809B5}.Debug|Any CPU.Build.0 = Debug|Any CPU
		{F3A4404E-8839-4210-B988-ED6C7D0809B5}.Release|Any CPU.ActiveCfg = Release|Any CPU
		{F3A4404E-8839-4210-B988-ED6C7D0809B5}.Release|Any CPU.Build.0 = Release|Any CPU
		{40CEEC6F-D7D3-4E2B-AD87-ADC94DDB555E}.Debug|Any CPU.ActiveCfg = Debug|Any CPU
		{40CEEC6F-D7D3-4E2B-AD87-ADC94DDB555E}.Debug|Any CPU.Build.0 = Debug|Any CPU
		{40CEEC6F-D7D3-4E2B-AD87-ADC94DDB555E}.Release|Any CPU.ActiveCfg = Release|Any CPU
		{40CEEC6F-D7D3-4E2B-AD87-ADC94DDB555E}.Release|Any CPU.Build.0 = Release|Any CPU
	EndGlobalSection
	GlobalSection(SolutionProperties) = preSolution
		HideSolutionNode = FALSE
	EndGlobalSection
	GlobalSection(NestedProjects) = preSolution
		{480001D7-7153-4420-B35B-5A12B0BCF06D} = {2B37D1A3-898F-4658-8477-584E631A2B07}
		{3994AB01-52A0-434E-BEDF-F75DA5A4034F} = {480001D7-7153-4420-B35B-5A12B0BCF06D}
		{776688C6-840B-4D3E-A073-01ECBB621F84} = {480001D7-7153-4420-B35B-5A12B0BCF06D}
		{94D1F3A1-867F-4DB2-93C1-85FAB28080C8} = {2B37D1A3-898F-4658-8477-584E631A2B07}
		{EFD4F465-362A-4C73-A48C-149E52ABF75D} = {2B37D1A3-898F-4658-8477-584E631A2B07}
		{5C46DA4C-E63F-4CA2-8039-86AA3B1A83C2} = {2B37D1A3-898F-4658-8477-584E631A2B07}
		{C8EF8B3C-98F9-49AF-B0FB-AF32F19D59F9} = {94D1F3A1-867F-4DB2-93C1-85FAB28080C8}
		{33E2CD16-3183-4944-8E95-725E08051881} = {94D1F3A1-867F-4DB2-93C1-85FAB28080C8}
		{B11B1AEC-041A-40C6-8C9A-7A94507FBC19} = {94D1F3A1-867F-4DB2-93C1-85FAB28080C8}
		{62F01BFF-E6CA-4C10-88CA-8FD2D1E026F0} = {94D1F3A1-867F-4DB2-93C1-85FAB28080C8}
		{A198E1D0-D0FD-4B9E-B32A-9F4CBE2B9A5E} = {94D1F3A1-867F-4DB2-93C1-85FAB28080C8}
		{74AD0EB9-4CBF-4423-9C28-2F0EE43DB429} = {776688C6-840B-4D3E-A073-01ECBB621F84}
		{3515B4E5-9D77-46D8-A859-A41BAA2A2CA7} = {776688C6-840B-4D3E-A073-01ECBB621F84}
		{F67BAC8E-A38D-4EF3-9C46-EDA39C09D87B} = {776688C6-840B-4D3E-A073-01ECBB621F84}
		{27FEF880-A7AE-4ED3-B962-9A8A86F5E12B} = {776688C6-840B-4D3E-A073-01ECBB621F84}
		{4DE51C83-9F55-49BE-AD24-1FE5EEFFA288} = {480001D7-7153-4420-B35B-5A12B0BCF06D}
		{B7735385-4174-4A9C-82F8-1C56F9CF5BD2} = {480001D7-7153-4420-B35B-5A12B0BCF06D}
		{EE6C4D88-F526-4E49-9B3B-52FB6E2E34DC} = {2B37D1A3-898F-4658-8477-584E631A2B07}
		{C106083C-5B7B-4678-877E-801B89E42F59} = {2B37D1A3-898F-4658-8477-584E631A2B07}
		{ECF1FF3E-67F4-40F7-BF43-612D7AD34287} = {EE6C4D88-F526-4E49-9B3B-52FB6E2E34DC}
		{A952F6CF-DFE4-420B-AB45-D5892A0B68A1} = {EE6C4D88-F526-4E49-9B3B-52FB6E2E34DC}
		{63F1B85B-FE8D-44FA-9C0C-88C21587A9B3} = {EE6C4D88-F526-4E49-9B3B-52FB6E2E34DC}
		{DBBFF142-9563-4921-88C6-F86D622615C6} = {94D1F3A1-867F-4DB2-93C1-85FAB28080C8}
		{35147065-6B7A-4A16-A19C-4AFB987346D7} = {94D1F3A1-867F-4DB2-93C1-85FAB28080C8}
		{8109776B-F243-49F8-A5A9-AA376493D2AA} = {EE6C4D88-F526-4E49-9B3B-52FB6E2E34DC}
		{B0C36FF5-61D9-4F7E-AECE-FDDE612FCA09} = {94D1F3A1-867F-4DB2-93C1-85FAB28080C8}
		{7839CE77-CE63-48AC-A90B-E28E377169FC} = {3994AB01-52A0-434E-BEDF-F75DA5A4034F}
		{59BF2397-8961-4711-932F-E0ABC264326D} = {3994AB01-52A0-434E-BEDF-F75DA5A4034F}
		{4B58DC70-F011-4B16-B2EF-19B2C233AD29} = {3994AB01-52A0-434E-BEDF-F75DA5A4034F}
		{C6995D1D-B1D1-4762-B031-5003E5C2C1D4} = {EFD4F465-362A-4C73-A48C-149E52ABF75D}
		{B1D981A5-7DA6-4EB8-AC3F-F38ACF02F112} = {3994AB01-52A0-434E-BEDF-F75DA5A4034F}
		{3E4BFCE8-598E-4269-9BF5-F20F144222B6} = {EE6C4D88-F526-4E49-9B3B-52FB6E2E34DC}
		{ACC79C87-16FD-478D-B04A-5125AB571F13} = {C106083C-5B7B-4678-877E-801B89E42F59}
		{F3A4404E-8839-4210-B988-ED6C7D0809B5} = {94D1F3A1-867F-4DB2-93C1-85FAB28080C8}
		{40CEEC6F-D7D3-4E2B-AD87-ADC94DDB555E} = {94D1F3A1-867F-4DB2-93C1-85FAB28080C8}
	EndGlobalSection
	GlobalSection(ExtensibilityGlobals) = postSolution
		SolutionGuid = {840449B2-65DC-473A-84C8-CB4E4FEB614B}
	EndGlobalSection
	GlobalSection(SharedMSBuildProjectFiles) = preSolution
		src\shared\SharedSettings\SharedSettings.projitems*{c6995d1d-b1d1-4762-b031-5003e5c2c1d4}*SharedItemsImports = 13
	EndGlobalSection
EndGlobal
