
Microsoft Visual Studio Solution File, Format Version 12.00
# Visual Studio Version 17
VisualStudioVersion = 17.10.34902.84
MinimumVisualStudioVersion = 10.0.40219.1
Project("{2150E333-8FDC-42A3-9474-1A3956D46DE8}") = "services", "services", "{480001D7-7153-4420-B35B-5A12B0BCF06D}"
EndProject
Project("{2150E333-8FDC-42A3-9474-1A3956D46DE8}") = "1. Gateway", "1. Gateway", "{3D776DD8-83F2-4FC1-A11D-030F4A0C5708}"
EndProject
Project("{2150E333-8FDC-42A3-9474-1A3956D46DE8}") = "2. Identity", "2. Identity", "{3994AB01-52A0-434E-BEDF-F75DA5A4034F}"
EndProject
Project("{2150E333-8FDC-42A3-9474-1A3956D46DE8}") = "3. Post", "3. Post", "{776688C6-840B-4D3E-A073-01ECBB621F84}"
EndProject
Project("{2150E333-8FDC-42A3-9474-1A3956D46DE8}") = "packages", "packages", "{94D1F3A1-867F-4DB2-93C1-85FAB28080C8}"
EndProject
Project("{2150E333-8FDC-42A3-9474-1A3956D46DE8}") = "shared", "shared", "{EFD4F465-362A-4C73-A48C-149E52ABF75D}"
EndProject
Project("{2150E333-8FDC-42A3-9474-1A3956D46DE8}") = "Solution Items", "Solution Items", "{02C2EA1B-8774-4AFB-B782-47DBBB8676ED}"
	ProjectSection(SolutionItems) = preProject
		Directory.Packages.props = Directory.Packages.props
		docker-compose.override.yml = docker-compose.override.yml
		docker-compose.yml = docker-compose.yml
		README.md = README.md
	EndProjectSection
EndProject
Project("{2150E333-8FDC-42A3-9474-1A3956D46DE8}") = "tests", "tests", "{5C46DA4C-E63F-4CA2-8039-86AA3B1A83C2}"
EndProject
Project("{2150E333-8FDC-42A3-9474-1A3956D46DE8}") = "SharedSettings", "SharedSettings", "{E3E07D9E-71AA-419D-BD5D-A79C10BBF8B2}"
	ProjectSection(SolutionItems) = preProject
		src\shared\SharedSettings\global.json = src\shared\SharedSettings\global.json
		src\shared\SharedSettings\sharedsetting.Development.json = src\shared\SharedSettings\sharedsetting.Development.json
		src\shared\SharedSettings\sharedsetting.json = src\shared\SharedSettings\sharedsetting.json
		src\shared\SharedSettings\sharedsetting.Local.json = src\shared\SharedSettings\sharedsetting.Local.json
		src\shared\SharedSettings\sharedsetting.Production.json = src\shared\SharedSettings\sharedsetting.Production.json
	EndProjectSection
EndProject
Project("{2150E333-8FDC-42A3-9474-1A3956D46DE8}") = "4. Category", "4. Category", "{63F7A4E1-B76B-46CA-B917-51FE7819C0AA}"
EndProject
Project("{2150E333-8FDC-42A3-9474-1A3956D46DE8}") = "src", "src", "{2B37D1A3-898F-4658-8477-584E631A2B07}"
EndProject
Project("{9A19103F-16F7-4668-BE54-9A1E7A4F7556}") = "MyBlog.Category.Api", "src\services\Category\MyBlog.Category.Api\MyBlog.Category.Api.csproj", "{9A61AE17-3AE3-4EFB-B4B7-C5C11597EEA4}"
EndProject
Project("{9A19103F-16F7-4668-BE54-9A1E7A4F7556}") = "MyBlog.Category.Domain", "src\services\Category\MyBlog.Category.Domain\MyBlog.Category.Domain.csproj", "{331B8913-1048-4BE8-AE17-BCA839BFFE36}"
EndProject
Project("{9A19103F-16F7-4668-BE54-9A1E7A4F7556}") = "MyBlog.Shared.Dtos", "src\packages\MyBlog.Shared.Dtos\MyBlog.Shared.Dtos.csproj", "{78428077-26E1-444D-B158-7CBFC55341AD}"
EndProject
Project("{9A19103F-16F7-4668-BE54-9A1E7A4F7556}") = "MyBlog.Shared.Databases", "src\packages\MyBlog.Shared.Databases\MyBlog.Shared.Databases.csproj", "{C8EF8B3C-98F9-49AF-B0FB-AF32F19D59F9}"
EndProject
Project("{9A19103F-16F7-4668-BE54-9A1E7A4F7556}") = "MyBlog.Category.Repository", "src\services\Category\MyBlog.Category.Repository\MyBlog.Category.Repository.csproj", "{30DFDCE2-8EE7-492E-9FC2-E753F7C960E2}"
EndProject
Project("{9A19103F-16F7-4668-BE54-9A1E7A4F7556}") = "MyBlog.Shared.RepositoryDapper", "src\packages\MyBlog.Shared.RepositoryDapper\MyBlog.Shared.RepositoryDapper.csproj", "{33E2CD16-3183-4944-8E95-725E08051881}"
EndProject
Project("{9A19103F-16F7-4668-BE54-9A1E7A4F7556}") = "MyBlog.Shared.RepositoryEF", "src\packages\MyBlog.Shared.RepositoryEF\MyBlog.Shared.RepositoryEF.csproj", "{3EB2AF04-D178-4080-9109-9466B82F4357}"
EndProject
Project("{2150E333-8FDC-42A3-9474-1A3956D46DE8}") = "contracts", "contracts", "{41649B8B-00D9-4C2A-9F67-D43C4F02A834}"
EndProject
Project("{9A19103F-16F7-4668-BE54-9A1E7A4F7556}") = "MyBlog.Contracts", "src\contracts\MyBlog.Contracts\MyBlog.Contracts.csproj", "{DEB769C1-9B72-41A0-84D6-AE4DB263A5DB}"
EndProject
Project("{9A19103F-16F7-4668-BE54-9A1E7A4F7556}") = "MyBlog.Shared.ServiceBase", "src\packages\MyBlog.Shared.ServiceBase\MyBlog.Shared.ServiceBase.csproj", "{E5894DE7-20F6-42E6-AA4C-22AF699AA118}"
EndProject
Project("{9A19103F-16F7-4668-BE54-9A1E7A4F7556}") = "MyBlog.Category.Service", "src\services\Category\MyBlog.Category.Service\MyBlog.Category.Service.csproj", "{0415A1F2-BF51-463F-9FD1-A85E4DC8261B}"
EndProject
Project("{9A19103F-16F7-4668-BE54-9A1E7A4F7556}") = "MyBlog.Shared.Autofac", "src\packages\MyBlog.Shared.Autofac\MyBlog.Shared.Autofac.csproj", "{B11B1AEC-041A-40C6-8C9A-7A94507FBC19}"
EndProject
Project("{FAE04EC0-301F-11D3-BF4B-00C04F79EFBC}") = "MyBlog.Shared.Middleware", "src\packages\MyBlog.Shared.Middleware\MyBlog.Shared.Middleware.csproj", "{A4ACDA75-A0D0-4E61-B73F-8CEC3B59121D}"
EndProject
Project("{9A19103F-16F7-4668-BE54-9A1E7A4F7556}") = "MyBlog.Shared.Serilog", "src\packages\MyBlog.Shared.Serilog\MyBlog.Shared.Serilog.csproj", "{A29000E1-40CC-4A50-9081-87005EC11F37}"
EndProject
Global
	GlobalSection(SolutionConfigurationPlatforms) = preSolution
		Debug|Any CPU = Debug|Any CPU
		Release|Any CPU = Release|Any CPU
	EndGlobalSection
	GlobalSection(ProjectConfigurationPlatforms) = postSolution
		{9A61AE17-3AE3-4EFB-B4B7-C5C11597EEA4}.Debug|Any CPU.ActiveCfg = Debug|Any CPU
		{9A61AE17-3AE3-4EFB-B4B7-C5C11597EEA4}.Debug|Any CPU.Build.0 = Debug|Any CPU
		{9A61AE17-3AE3-4EFB-B4B7-C5C11597EEA4}.Release|Any CPU.ActiveCfg = Release|Any CPU
		{9A61AE17-3AE3-4EFB-B4B7-C5C11597EEA4}.Release|Any CPU.Build.0 = Release|Any CPU
		{331B8913-1048-4BE8-AE17-BCA839BFFE36}.Debug|Any CPU.ActiveCfg = Debug|Any CPU
		{331B8913-1048-4BE8-AE17-BCA839BFFE36}.Debug|Any CPU.Build.0 = Debug|Any CPU
		{331B8913-1048-4BE8-AE17-BCA839BFFE36}.Release|Any CPU.ActiveCfg = Release|Any CPU
		{331B8913-1048-4BE8-AE17-BCA839BFFE36}.Release|Any CPU.Build.0 = Release|Any CPU
		{78428077-26E1-444D-B158-7CBFC55341AD}.Debug|Any CPU.ActiveCfg = Debug|Any CPU
		{78428077-26E1-444D-B158-7CBFC55341AD}.Debug|Any CPU.Build.0 = Debug|Any CPU
		{78428077-26E1-444D-B158-7CBFC55341AD}.Release|Any CPU.ActiveCfg = Release|Any CPU
		{78428077-26E1-444D-B158-7CBFC55341AD}.Release|Any CPU.Build.0 = Release|Any CPU
		{C8EF8B3C-98F9-49AF-B0FB-AF32F19D59F9}.Debug|Any CPU.ActiveCfg = Debug|Any CPU
		{C8EF8B3C-98F9-49AF-B0FB-AF32F19D59F9}.Debug|Any CPU.Build.0 = Debug|Any CPU
		{C8EF8B3C-98F9-49AF-B0FB-AF32F19D59F9}.Release|Any CPU.ActiveCfg = Release|Any CPU
		{C8EF8B3C-98F9-49AF-B0FB-AF32F19D59F9}.Release|Any CPU.Build.0 = Release|Any CPU
		{30DFDCE2-8EE7-492E-9FC2-E753F7C960E2}.Debug|Any CPU.ActiveCfg = Debug|Any CPU
		{30DFDCE2-8EE7-492E-9FC2-E753F7C960E2}.Debug|Any CPU.Build.0 = Debug|Any CPU
		{30DFDCE2-8EE7-492E-9FC2-E753F7C960E2}.Release|Any CPU.ActiveCfg = Release|Any CPU
		{30DFDCE2-8EE7-492E-9FC2-E753F7C960E2}.Release|Any CPU.Build.0 = Release|Any CPU
		{33E2CD16-3183-4944-8E95-725E08051881}.Debug|Any CPU.ActiveCfg = Debug|Any CPU
		{33E2CD16-3183-4944-8E95-725E08051881}.Debug|Any CPU.Build.0 = Debug|Any CPU
		{33E2CD16-3183-4944-8E95-725E08051881}.Release|Any CPU.ActiveCfg = Release|Any CPU
		{33E2CD16-3183-4944-8E95-725E08051881}.Release|Any CPU.Build.0 = Release|Any CPU
		{3EB2AF04-D178-4080-9109-9466B82F4357}.Debug|Any CPU.ActiveCfg = Debug|Any CPU
		{3EB2AF04-D178-4080-9109-9466B82F4357}.Debug|Any CPU.Build.0 = Debug|Any CPU
		{3EB2AF04-D178-4080-9109-9466B82F4357}.Release|Any CPU.ActiveCfg = Release|Any CPU
		{3EB2AF04-D178-4080-9109-9466B82F4357}.Release|Any CPU.Build.0 = Release|Any CPU
		{DEB769C1-9B72-41A0-84D6-AE4DB263A5DB}.Debug|Any CPU.ActiveCfg = Debug|Any CPU
		{DEB769C1-9B72-41A0-84D6-AE4DB263A5DB}.Debug|Any CPU.Build.0 = Debug|Any CPU
		{DEB769C1-9B72-41A0-84D6-AE4DB263A5DB}.Release|Any CPU.ActiveCfg = Release|Any CPU
		{DEB769C1-9B72-41A0-84D6-AE4DB263A5DB}.Release|Any CPU.Build.0 = Release|Any CPU
		{E5894DE7-20F6-42E6-AA4C-22AF699AA118}.Debug|Any CPU.ActiveCfg = Debug|Any CPU
		{E5894DE7-20F6-42E6-AA4C-22AF699AA118}.Debug|Any CPU.Build.0 = Debug|Any CPU
		{E5894DE7-20F6-42E6-AA4C-22AF699AA118}.Release|Any CPU.ActiveCfg = Release|Any CPU
		{E5894DE7-20F6-42E6-AA4C-22AF699AA118}.Release|Any CPU.Build.0 = Release|Any CPU
		{0415A1F2-BF51-463F-9FD1-A85E4DC8261B}.Debug|Any CPU.ActiveCfg = Debug|Any CPU
		{0415A1F2-BF51-463F-9FD1-A85E4DC8261B}.Debug|Any CPU.Build.0 = Debug|Any CPU
		{0415A1F2-BF51-463F-9FD1-A85E4DC8261B}.Release|Any CPU.ActiveCfg = Release|Any CPU
		{0415A1F2-BF51-463F-9FD1-A85E4DC8261B}.Release|Any CPU.Build.0 = Release|Any CPU
		{B11B1AEC-041A-40C6-8C9A-7A94507FBC19}.Debug|Any CPU.ActiveCfg = Debug|Any CPU
		{B11B1AEC-041A-40C6-8C9A-7A94507FBC19}.Debug|Any CPU.Build.0 = Debug|Any CPU
		{B11B1AEC-041A-40C6-8C9A-7A94507FBC19}.Release|Any CPU.ActiveCfg = Release|Any CPU
		{B11B1AEC-041A-40C6-8C9A-7A94507FBC19}.Release|Any CPU.Build.0 = Release|Any CPU
		{A4ACDA75-A0D0-4E61-B73F-8CEC3B59121D}.Debug|Any CPU.ActiveCfg = Debug|Any CPU
		{A4ACDA75-A0D0-4E61-B73F-8CEC3B59121D}.Debug|Any CPU.Build.0 = Debug|Any CPU
		{A4ACDA75-A0D0-4E61-B73F-8CEC3B59121D}.Release|Any CPU.ActiveCfg = Release|Any CPU
		{A4ACDA75-A0D0-4E61-B73F-8CEC3B59121D}.Release|Any CPU.Build.0 = Release|Any CPU
		{A29000E1-40CC-4A50-9081-87005EC11F37}.Debug|Any CPU.ActiveCfg = Debug|Any CPU
		{A29000E1-40CC-4A50-9081-87005EC11F37}.Debug|Any CPU.Build.0 = Debug|Any CPU
		{A29000E1-40CC-4A50-9081-87005EC11F37}.Release|Any CPU.ActiveCfg = Release|Any CPU
		{A29000E1-40CC-4A50-9081-87005EC11F37}.Release|Any CPU.Build.0 = Release|Any CPU
	EndGlobalSection
	GlobalSection(SolutionProperties) = preSolution
		HideSolutionNode = FALSE
	EndGlobalSection
	GlobalSection(NestedProjects) = preSolution
		{480001D7-7153-4420-B35B-5A12B0BCF06D} = {2B37D1A3-898F-4658-8477-584E631A2B07}
		{3D776DD8-83F2-4FC1-A11D-030F4A0C5708} = {480001D7-7153-4420-B35B-5A12B0BCF06D}
		{3994AB01-52A0-434E-BEDF-F75DA5A4034F} = {480001D7-7153-4420-B35B-5A12B0BCF06D}
		{776688C6-840B-4D3E-A073-01ECBB621F84} = {480001D7-7153-4420-B35B-5A12B0BCF06D}
		{94D1F3A1-867F-4DB2-93C1-85FAB28080C8} = {2B37D1A3-898F-4658-8477-584E631A2B07}
		{EFD4F465-362A-4C73-A48C-149E52ABF75D} = {2B37D1A3-898F-4658-8477-584E631A2B07}
		{5C46DA4C-E63F-4CA2-8039-86AA3B1A83C2} = {2B37D1A3-898F-4658-8477-584E631A2B07}
		{E3E07D9E-71AA-419D-BD5D-A79C10BBF8B2} = {EFD4F465-362A-4C73-A48C-149E52ABF75D}
		{63F7A4E1-B76B-46CA-B917-51FE7819C0AA} = {480001D7-7153-4420-B35B-5A12B0BCF06D}
		{9A61AE17-3AE3-4EFB-B4B7-C5C11597EEA4} = {63F7A4E1-B76B-46CA-B917-51FE7819C0AA}
		{331B8913-1048-4BE8-AE17-BCA839BFFE36} = {63F7A4E1-B76B-46CA-B917-51FE7819C0AA}
		{78428077-26E1-444D-B158-7CBFC55341AD} = {94D1F3A1-867F-4DB2-93C1-85FAB28080C8}
		{C8EF8B3C-98F9-49AF-B0FB-AF32F19D59F9} = {94D1F3A1-867F-4DB2-93C1-85FAB28080C8}
		{30DFDCE2-8EE7-492E-9FC2-E753F7C960E2} = {63F7A4E1-B76B-46CA-B917-51FE7819C0AA}
		{33E2CD16-3183-4944-8E95-725E08051881} = {94D1F3A1-867F-4DB2-93C1-85FAB28080C8}
		{3EB2AF04-D178-4080-9109-9466B82F4357} = {94D1F3A1-867F-4DB2-93C1-85FAB28080C8}
		{41649B8B-00D9-4C2A-9F67-D43C4F02A834} = {2B37D1A3-898F-4658-8477-584E631A2B07}
		{DEB769C1-9B72-41A0-84D6-AE4DB263A5DB} = {41649B8B-00D9-4C2A-9F67-D43C4F02A834}
		{E5894DE7-20F6-42E6-AA4C-22AF699AA118} = {94D1F3A1-867F-4DB2-93C1-85FAB28080C8}
		{0415A1F2-BF51-463F-9FD1-A85E4DC8261B} = {63F7A4E1-B76B-46CA-B917-51FE7819C0AA}
		{B11B1AEC-041A-40C6-8C9A-7A94507FBC19} = {94D1F3A1-867F-4DB2-93C1-85FAB28080C8}
		{A4ACDA75-A0D0-4E61-B73F-8CEC3B59121D} = {94D1F3A1-867F-4DB2-93C1-85FAB28080C8}
		{A29000E1-40CC-4A50-9081-87005EC11F37} = {94D1F3A1-867F-4DB2-93C1-85FAB28080C8}
	EndGlobalSection
	GlobalSection(ExtensibilityGlobals) = postSolution
		SolutionGuid = {840449B2-65DC-473A-84C8-CB4E4FEB614B}
	EndGlobalSection
EndGlobal
